
Microsoft Visual Studio Solution File, Format Version 12.00
# Visual Studio 15
VisualStudioVersion = 15.0.28307.271
MinimumVisualStudioVersion = 10.0.40219.1
Project("{FAE04EC0-301F-11D3-BF4B-00C04F79EFBC}") = "ReportServerIntegration", "ReportServerIntegration\ReportServerIntegration.csproj", "{807ABDB0-A8C5-4DF1-A12D-1CF96E2BE385}"
EndProject
Global
	GlobalSection(SolutionConfigurationPlatforms) = preSolution
		Debug|Any CPU = Debug|Any CPU
		Release|Any CPU = Release|Any CPU
	EndGlobalSection
	GlobalSection(ProjectConfigurationPlatforms) = postSolution
		{807ABDB0-A8C5-4DF1-A12D-1CF96E2BE385}.Debug|Any CPU.ActiveCfg = Debug|Any CPU
		{807ABDB0-A8C5-4DF1-A12D-1CF96E2BE385}.Debug|Any CPU.Build.0 = Debug|Any CPU
		{807ABDB0-A8C5-4DF1-A12D-1CF96E2BE385}.Release|Any CPU.ActiveCfg = Release|Any CPU
		{807ABDB0-A8C5-4DF1-A12D-1CF96E2BE385}.Release|Any CPU.Build.0 = Release|Any CPU
	EndGlobalSection
	GlobalSection(SolutionProperties) = preSolution
		HideSolutionNode = FALSE
	EndGlobalSection
	GlobalSection(ExtensibilityGlobals) = postSolution
		SolutionGuid = {5757E3EA-B9EC-4094-BE98-479A5D34A4FB}
	EndGlobalSection
EndGlobal
